# This file is automatically @generated by Poetry 2.3.2 and should not be changed by hand.

[[package]]
name = "fuzzyometry"
version = "0.0.6"
description = "The fuzzyometry library provides smooth objects, object connections and automatic chamfer generation for xyzcad."
optional = false
python-versions = "<4.0,>=3.11"
groups = ["main"]
files = [
    {file = "fuzzyometry-0.0.6-py3-none-any.whl", hash = "sha256:9a263cc1fad96bccfebba45aff2906c3843b2a9d65f2a1b999c3ab9bb679e63e"},
    {file = "fuzzyometry-0.0.6.tar.gz", hash = "sha256:bbfeb3f0556ed9d6a24c000097e9d07f88eb9a1e3f10ab7c9af0f3ed5ebc0b85"},
]

[package.dependencies]
numba = ">=0.58.0"
xyzcad = ">=0.3.0"

[[package]]
name = "llvmlite"
version = "0.47.0"
description = "lightweight wrapper around basic LLVM functionality"
optional = false
python-versions = ">=3.10"
groups = ["main"]
files = [
    {file = "llvmlite-0.47.0-cp310-cp310-macosx_11_0_arm64.whl", hash = "sha256:41270b0b1310717f717cf6f2a9c68d3c43bd7905c33f003825aebc361d0d1b17"},
    {file = "llvmlite-0.47.0-cp310-cp310-manylinux2014_x86_64.manylinux_2_17_x86_64.whl", hash = "sha256:f9d118bc1dd7623e0e65ca9ac485ec6dd543c3b77bc9928ddc45ebd34e1e30a7"},
    {file = "llvmlite-0.47.0-cp310-cp310-manylinux_2_27_aarch64.manylinux_2_28_aarch64.whl", hash = "sha256:9ea5cfb04a6ab5b18e46be72b41b015975ba5980c4ddb41f1975b83e19031063"},
    {file = "llvmlite-0.47.0-cp310-cp310-win_amd64.whl", hash = "sha256:166b896a2262a2039d5fc52df5ee1659bd1ccd081183df7a2fba1b74702dd5ea"},
    {file = "llvmlite-0.47.0-cp311-cp311-macosx_11_0_arm64.whl", hash = "sha256:74090f0dcfd6f24ebbef3f21f11e38111c4d7e6919b54c4416e1e357c3446b07"},
    {file = "llvmlite-0.47.0-cp311-cp311-manylinux2014_x86_64.manylinux_2_17_x86_64.whl", hash = "sha256:ca14f02e29134e837982497959a8e2193d6035235de1cb41a9cb2bd6da4eedbb"},
    {file = "llvmlite-0.47.0-cp311-cp311-manylinux_2_27_aarch64.manylinux_2_28_aarch64.whl", hash = "sha256:12a69d4bb05f402f30477e21eeabe81911e7c251cecb192bed82cd83c9db10d8"},
    {file = "llvmlite-0.47.0-cp311-cp311-win_amd64.whl", hash = "sha256:c37d6eb7aaabfa83ab9c2ff5b5cdb95a5e6830403937b2c588b7490724e05327"},
    {file = "llvmlite-0.47.0-cp312-cp312-macosx_11_0_arm64.whl", hash = "sha256:306a265f408c259067257a732c8e159284334018b4083a9e35f67d19792b164f"},
    {file = "llvmlite-0.47.0-cp312-cp312-manylinux2014_x86_64.manylinux_2_17_x86_64.whl", hash = "sha256:5853bf26160857c0c2573415ff4efe01c4c651e59e2c55c2a088740acfee51cd"},
    {file = "llvmlite-0.47.0-cp312-cp312-manylinux_2_27_aarch64.manylinux_2_28_aarch64.whl", hash = "sha256:003bcf7fa579e14db59c1a1e113f93ab8a06b56a4be31c7f08264d1d4072d077"},
    {file = "llvmlite-0.47.0-cp312-cp312-win_amd64.whl", hash = "sha256:f3079f25bdc24cd9d27c4b2b5e68f5f60c4fdb7e8ad5ee2b9b006007558f9df7"},
    {file = "llvmlite-0.47.0-cp313-cp313-macosx_12_0_arm64.whl", hash = "sha256:a3c6a735d4e1041808434f9d440faa3d78d9b4af2ee64d05a66f351883b6ceec"},
    {file = "llvmlite-0.47.0-cp313-cp313-manylinux2014_x86_64.manylinux_2_17_x86_64.whl", hash = "sha256:2699a74321189e812d476a43d6d7f652f51811e7b5aad9d9bba842a1c7927acb"},
    {file = "llvmlite-0.47.0-cp313-cp313-manylinux_2_27_aarch64.manylinux_2_28_aarch64.whl", hash = "sha256:6c6951e2b29930227963e53ee152441f0e14be92e9d4231852102d986c761e40"},
    {file = "llvmlite-0.47.0-cp313-cp313-win_amd64.whl", hash = "sha256:c2e9adf8698d813a9a5efb2d4370caf344dbc1e145019851fee6a6f319ba760e"},
    {file = "llvmlite-0.47.0-cp314-cp314-macosx_12_0_arm64.whl", hash = "sha256:de966c626c35c9dff5ae7bf12db25637738d0df83fc370cf793bc94d43d92d14"},
    {file = "llvmlite-0.47.0-cp314-cp314-manylinux2014_x86_64.manylinux_2_17_x86_64.whl", hash = "sha256:ddbccff2aeaff8670368340a158abefc032fe9b3ccf7d9c496639263d00151aa"},
    {file = "llvmlite-0.47.0-cp314-cp314-manylinux_2_27_aarch64.manylinux_2_28_aarch64.whl", hash = "sha256:d4a7b778a2e144fc64468fb9bf509ac1226c9813a00b4d7afea5d988c4e22fca"},
    {file = "llvmlite-0.47.0-cp314-cp314-win_amd64.whl", hash = "sha256:694e3c2cdc472ed2bd8bd4555ca002eec4310961dd58ef791d508f57b5cc4c94"},
    {file = "llvmlite-0.47.0-cp314-cp314t-macosx_12_0_arm64.whl", hash = "sha256:92ec8a169a20b473c1c54d4695e371bde36489fc1efa3688e11e99beba0abf9c"},
    {file = "llvmlite-0.47.0-cp314-cp314t-manylinux2014_x86_64.manylinux_2_17_x86_64.whl", hash = "sha256:fa1cbd800edd3b20bc141521f7fd45a6185a5b84109aa6855134e81397ffe72b"},
    {file = "llvmlite-0.47.0-cp314-cp314t-manylinux_2_27_aarch64.manylinux_2_28_aarch64.whl", hash = "sha256:f6725179b89f03b17dabe236ff3422cb8291b4c1bf40af152826dfd34e350ae8"},
    {file = "llvmlite-0.47.0-cp314-cp314t-win_amd64.whl", hash = "sha256:6842cf6f707ec4be3d985a385ad03f72b2d724439e118fcbe99b2929964f0453"},
    {file = "llvmlite-0.47.0.tar.gz", hash = "sha256:62031ce968ec74e95092184d4b0e857e444f8fdff0b8f9213707699570c33ccc"},
]

[[package]]
name = "numba"
version = "0.65.0"
description = "compiling Python code using LLVM"
optional = false
python-versions = ">=3.10"
groups = ["main"]
files = [
    {file = "numba-0.65.0-cp310-cp310-macosx_12_0_arm64.whl", hash = "sha256:dff9fd5fbc9a35c517359c5823ea705d9b65f01fb46e42e35a2eabe5a52c2e96"},
    {file = "numba-0.65.0-cp310-cp310-manylinux2014_x86_64.manylinux_2_17_x86_64.whl", hash = "sha256:4c894c94afa5ffd627c7e3b693df10cb0d905bd5eb06de3dfc31775140cf4f89"},
    {file = "numba-0.65.0-cp310-cp310-manylinux_2_27_aarch64.manylinux_2_28_aarch64.whl", hash = "sha256:b7325b1aab88f0339057288ee32f39dc660e14f93872a6fda14fa6eb9f95b047"},
    {file = "numba-0.65.0-cp310-cp310-win_amd64.whl", hash = "sha256:71e72e9ca2f619df4768f9c3962bfec60191a5a26fe2b6a8c6a07532b6146169"},
    {file = "numba-0.65.0-cp311-cp311-macosx_12_0_arm64.whl", hash = "sha256:28e547d0b18024f19cbaf9de02fc5c145790213d9be8a2c95b43f93ec162b9e4"},
    {file = "numba-0.65.0-cp311-cp311-manylinux2014_x86_64.manylinux_2_17_x86_64.whl", hash = "sha256:032b0b8e879512cd424d79eed6d772a1399c6387ded184c2cf3cc22c08d750a6"},
    {file = "numba-0.65.0-cp311-cp311-manylinux_2_27_aarch64.manylinux_2_28_aarch64.whl", hash = "sha256:af143d823624033a128b5950c0aaf9ffc2386dfe954eb757119cf0432335534c"},
    {file = "numba-0.65.0-cp311-cp311-win_amd64.whl", hash = "sha256:15d159578e59a39df246b83480f78d7794b0fca40153b5684d3849a99c48a0fb"},
    {file = "numba-0.65.0-cp312-cp312-macosx_12_0_arm64.whl", hash = "sha256:b27ee4847e1bfb17e9604d100417ee7c1d10f15a6711c6213404b3da13a0b2aa"},
    {file = "numba-0.65.0-cp312-cp312-manylinux2014_x86_64.manylinux_2_17_x86_64.whl", hash = "sha256:a52d92ffd297c10364bce60cd1fcb88f99284ab5df085f2c6bcd1cb33b529a6f"},
    {file = "numba-0.65.0-cp312-cp312-manylinux_2_27_aarch64.manylinux_2_28_aarch64.whl", hash = "sha256:da8e371e328c06d0010c3d8b44b21858652831b85bcfba78cb22c042e22dbd8e"},
    {file = "numba-0.65.0-cp312-cp312-win_amd64.whl", hash = "sha256:59bb9f2bb9f1238dfd8e927ba50645c18ae769fef4f3d58ea0ea22a2683b91f5"},
    {file = "numba-0.65.0-cp313-cp313-macosx_12_0_arm64.whl", hash = "sha256:c6334094563a456a695c812e6846288376ca02327cf246cdcc83e1bb27862367"},
    {file = "numba-0.65.0-cp313-cp313-manylinux2014_x86_64.manylinux_2_17_x86_64.whl", hash = "sha256:b8a9008411615c69d083d1dcf477f75a5aa727b30beb16e139799e2be945cdfd"},
    {file = "numba-0.65.0-cp313-cp313-manylinux_2_27_aarch64.manylinux_2_28_aarch64.whl", hash = "sha256:af96c0cba53664efcb361528b8c75e011a6556c859c7e08424c2715201c6cf7a"},
    {file = "numba-0.65.0-cp313-cp313-win_amd64.whl", hash = "sha256:6254e73b9c929dc736a1fbd3d6f5680789709a5067cae1fa7198707385129c04"},
    {file = "numba-0.65.0-cp314-cp314-macosx_12_0_arm64.whl", hash = "sha256:ee336b398a6fca51b1f626034de99f50cb1bd87d537a166275158a3cee744b82"},
    {file = "numba-0.65.0-cp314-cp314-manylinux2014_x86_64.manylinux_2_17_x86_64.whl", hash = "sha256:05c0a9fdf75d85f57dee47b719e8d6415707b80aae45d75f63f9dc1b935c29f7"},
    {file = "numba-0.65.0-cp314-cp314-manylinux_2_27_aarch64.manylinux_2_28_aarch64.whl", hash = "sha256:583680e0e8faf124d362df23b4b593f3221a8996341a63d1b664c122401bec2f"},
    {file = "numba-0.65.0-cp314-cp314-win_amd64.whl", hash = "sha256:add297d3e1c08dd884f44100152612fa41e66a51d15fdf91307f9dde31d06830"},
    {file = "numba-0.65.0-cp314-cp314t-macosx_12_0_arm64.whl", hash = "sha256:194a243ba53a9157c8538cbb3166ec015d785a8c5d584d06cdd88bee902233c7"},
    {file = "numba-0.65.0-cp314-cp314t-manylinux2014_x86_64.manylinux_2_17_x86_64.whl", hash = "sha256:c7fa502960f7a2f3f5cb025bc7bff888a3551277b92431bfdc5ba2f11a375749"},
    {file = "numba-0.65.0-cp314-cp314t-manylinux_2_27_aarch64.manylinux_2_28_aarch64.whl", hash = "sha256:5046c63f783ca3eb6195f826a50797465e7c4ce811daa17c9bea47e310c9b964"},
    {file = "numba-0.65.0-cp314-cp314t-win_amd64.whl", hash = "sha256:46fd679ae4f68c7a5d5721efbd29ecee0b0f3013211591891d79b51bfdf73113"},
    {file = "numba-0.65.0.tar.gz", hash = "sha256:edad0d9f6682e93624c00125a471ae4df186175d71fd604c983c377cdc03e68b"},
]

[package.dependencies]
llvmlite = "==0.47.*"
numpy = ">=1.22,<2.5"

[[package]]
name = "numpy"
version = "2.4.4"
description = "Fundamental package for array computing in Python"
optional = false
python-versions = ">=3.11"
groups = ["main"]
files = [
    {file = "numpy-2.4.4-cp311-cp311-macosx_10_9_x86_64.whl", hash = "sha256:f983334aea213c99992053ede6168500e5f086ce74fbc4acc3f2b00f5762e9db"},
    {file = "numpy-2.4.4-cp311-cp311-macosx_11_0_arm64.whl", hash = "sha256:72944b19f2324114e9dc86a159787333b77874143efcf89a5167ef83cfee8af0"},
    {file = "numpy-2.4.4-cp311-cp311-macosx_14_0_arm64.whl", hash = "sha256:86b6f55f5a352b48d7fbfd2dbc3d5b780b2d79f4d3c121f33eb6efb22e9a2015"},
    {file = "numpy-2.4.4-cp311-cp311-macosx_14_0_x86_64.whl", hash = "sha256:ba1f4fc670ed79f876f70082eff4f9583c15fb9a4b89d6188412de4d18ae2f40"},
    {file = "numpy-2.4.4-cp311-cp311-manylinux_2_27_aarch64.manylinux_2_28_aarch64.whl", hash = "sha256:8a87ec22c87be071b6bdbd27920b129b94f2fc964358ce38f3822635a3e2e03d"},
    {file = "numpy-2.4.4-cp311-cp311-manylinux_2_27_x86_64.manylinux_2_28_x86_64.whl", hash = "sha256:df3775294accfdd75f32c74ae39fcba920c9a378a2fc18a12b6820aa8c1fb502"},
    {file = "numpy-2.4.4-cp311-cp311-musllinux_1_2_aarch64.whl", hash = "sha256:0d4e437e295f18ec29bc79daf55e8a47a9113df44d66f702f02a293d93a2d6dd"},
    {file = "numpy-2.4.4-cp311-cp311-musllinux_1_2_x86_64.whl", hash = "sha256:6aa3236c78803afbcb255045fbef97a9e25a1f6c9888357d205ddc42f4d6eba5"},
    {file = "numpy-2.4.4-cp311-cp311-win32.whl", hash = "sha256:30caa73029a225b2d40d9fae193e008e24b2026b7ee1a867b7ee8d96ca1a448e"},
    {file = "numpy-2.4.4-cp311-cp311-win_amd64.whl", hash = "sha256:6bbe4eb67390b0a0265a2c25458f6b90a409d5d069f1041e6aff1e27e3d9a79e"},
    {file = "numpy-2.4.4-cp311-cp311-win_arm64.whl", hash = "sha256:fcfe2045fd2e8f3cb0ce9d4ba6dba6333b8fa05bb8a4939c908cd43322d14c7e"},
    {file = "numpy-2.4.4-cp312-cp312-macosx_10_13_x86_64.whl", hash = "sha256:15716cfef24d3a9762e3acdf87e27f58dc823d1348f765bbea6bef8c639bfa1b"},
    {file = "numpy-2.4.4-cp312-cp312-macosx_11_0_arm64.whl", hash = "sha256:23cbfd4c17357c81021f21540da84ee282b9c8fba38a03b7b9d09ba6b951421e"},
    {file = "numpy-2.4.4-cp312-cp312-macosx_14_0_arm64.whl", hash = "sha256:8b3b60bb7cba2c8c81837661c488637eee696f59a877788a396d33150c35d842"},
    {file = "numpy-2.4.4-cp312-cp312-macosx_14_0_x86_64.whl", hash = "sha256:e4a010c27ff6f210ff4c6ef34394cd61470d01014439b192ec22552ee867f2a8"},
    {file = "numpy-2.4.4-cp312-cp312-manylinux_2_27_aarch64.manylinux_2_28_aarch64.whl", hash = "sha256:f9e75681b59ddaa5e659898085ae0eaea229d054f2ac0c7e563a62205a700121"},
    {file = "numpy-2.4.4-cp312-cp312-manylinux_2_27_x86_64.manylinux_2_28_x86_64.whl", hash = "sha256:81f4a14bee47aec54f883e0cad2d73986640c1590eb9bfaaba7ad17394481e6e"},
    {file = "numpy-2.4.4-cp312-cp312-musllinux_1_2_aarch64.whl", hash = "sha256:62d6b0f03b694173f9fcb1fb317f7222fd0b0b103e784c6549f5e53a27718c44"},
    {file = "numpy-2.4.4-cp312-cp312-musllinux_1_2_x86_64.whl", hash = "sha256:fbc356aae7adf9e6336d336b9c8111d390a05df88f1805573ebb0807bd06fd1d"},
    {file = "numpy-2.4.4-cp312-cp312-win32.whl", hash = "sha256:0d35aea54ad1d420c812bfa0385c71cd7cc5bcf7c65fed95fc2cd02fe8c79827"},
    {file = "numpy-2.4.4-cp312-cp312-win_amd64.whl", hash = "sha256:b5f0362dc928a6ecd9db58868fca5e48485205e3855957bdedea308f8672ea4a"},
    {file = "numpy-2.4.4-cp312-cp312-win_arm64.whl", hash = "sha256:846300f379b5b12cc769334464656bc882e0735d27d9726568bc932fdc49d5ec"},
    {file = "numpy-2.4.4-cp313-cp313-macosx_10_13_x86_64.whl", hash = "sha256:08f2e31ed5e6f04b118e49821397f12767934cfdd12a1ce86a058f91e004ee50"},
    {file = "numpy-2.4.4-cp313-cp313-macosx_11_0_arm64.whl", hash = "sha256:e823b8b6edc81e747526f70f71a9c0a07ac4e7ad13020aa736bb7c9d67196115"},
    {file = "numpy-2.4.4-cp313-cp313-macosx_14_0_arm64.whl", hash = "sha256:4a19d9dba1a76618dd86b164d608566f393f8ec6ac7c44f0cc879011c45e65af"},
    {file = "numpy-2.4.4-cp313-cp313-macosx_14_0_x86_64.whl", hash = "sha256:d2a8490669bfe99a233298348acc2d824d496dee0e66e31b66a6022c2ad74a5c"},
    {file = "numpy-2.4.4-cp313-cp313-manylinux_2_27_aarch64.manylinux_2_28_aarch64.whl", hash = "sha256:45dbed2ab436a9e826e302fcdcbe9133f9b0006e5af7168afb8963a6520da103"},
    {file = "numpy-2.4.4-cp313-cp313-manylinux_2_27_x86_64.manylinux_2_28_x86_64.whl", hash = "sha256:c901b15172510173f5cb310eae652908340f8dede90fff9e3bf6c0d8dfd92f83"},
    {file = "numpy-2.4.4-cp313-cp313-musllinux_1_2_aarch64.whl", hash = "sha256:99d838547ace2c4aace6c4f76e879ddfe02bb58a80c1549928477862b7a6d6ed"},
    {file = "numpy-2.4.4-cp313-cp313-musllinux_1_2_x86_64.whl", hash = "sha256:0aec54fd785890ecca25a6003fd9a5aed47ad607bbac5cd64f836ad8666f4959"},
    {file = "numpy-2.4.4-cp313-cp313-win32.whl", hash = "sha256:07077278157d02f65c43b1b26a3886bce886f95d20aabd11f87932750dfb14ed"},
    {file = "numpy-2.4.4-cp313-cp313-win_amd64.whl", hash = "sha256:5c70f1cc1c4efbe316a572e2d8b9b9cc44e89b95f79ca3331553fbb63716e2bf"},
    {file = "numpy-2.4.4-cp313-cp313-win_arm64.whl", hash = "sha256:ef4059d6e5152fa1a39f888e344c73fdc926e1b2dd58c771d67b0acfbf2aa67d"},
    {file = "numpy-2.4.4-cp313-cp313t-macosx_11_0_arm64.whl", hash = "sha256:4bbc7f303d125971f60ec0aaad5e12c62d0d2c925f0ab1273debd0e4ba37aba5"},
    {file = "numpy-2.4.4-cp313-cp313t-macosx_14_0_arm64.whl", hash = "sha256:4d6d57903571f86180eb98f8f0c839fa9ebbfb031356d87f1361be91e433f5b7"},
    {file = "numpy-2.4.4-cp313-cp313t-macosx_14_0_x86_64.whl", hash = "sha256:4636de7fd195197b7535f231b5de9e4b36d2c440b6e566d2e4e4746e6af0ca93"},
    {file = "numpy-2.4.4-cp313-cp313t-manylinux_2_27_aarch64.manylinux_2_28_aarch64.whl", hash = "sha256:ad2e2ef14e0b04e544ea2fa0a36463f847f113d314aa02e5b402fdf910ef309e"},
    {file = "numpy-2.4.4-cp313-cp313t-manylinux_2_27_x86_64.manylinux_2_28_x86_64.whl", hash = "sha256:5a285b3b96f951841799528cd1f4f01cd70e7e0204b4abebac9463eecfcf2a40"},
    {file = "numpy-2.4.4-cp313-cp313t-musllinux_1_2_aarch64.whl", hash = "sha256:f8474c4241bc18b750be2abea9d7a9ec84f46ef861dbacf86a4f6e043401f79e"},
    {file = "numpy-2.4.4-cp313-cp313t-musllinux_1_2_x86_64.whl", hash = "sha256:4e874c976154687c1f71715b034739b45c7711bec81db01914770373d125e392"},
    {file = "numpy-2.4.4-cp313-cp313t-win32.whl", hash = "sha256:9c585a1790d5436a5374bac930dad6ed244c046ed91b2b2a3634eb2971d21008"},
    {file = "numpy-2.4.4-cp313-cp313t-win_amd64.whl", hash = "sha256:93e15038125dc1e5345d9b5b68aa7f996ec33b98118d18c6ca0d0b7d6198b7e8"},
    {file = "numpy-2.4.4-cp313-cp313t-win_arm64.whl", hash = "sha256:0dfd3f9d3adbe2920b68b5cd3d51444e13a10792ec7154cd0a2f6e74d4ab3233"},
    {file = "numpy-2.4.4-cp314-cp314-macosx_10_15_x86_64.whl", hash = "sha256:f169b9a863d34f5d11b8698ead99febeaa17a13ca044961aa8e2662a6c7766a0"},
    {file = "numpy-2.4.4-cp314-cp314-macosx_11_0_arm64.whl", hash = "sha256:2483e4584a1cb3092da4470b38866634bafb223cbcd551ee047633fd2584599a"},
    {file = "numpy-2.4.4-cp314-cp314-macosx_14_0_arm64.whl", hash = "sha256:2d19e6e2095506d1736b7d80595e0f252d76b89f5e715c35e06e937679ea7d7a"},
    {file = "numpy-2.4.4-cp314-cp314-macosx_14_0_x86_64.whl", hash = "sha256:6a246d5914aa1c820c9443ddcee9c02bec3e203b0c080349533fae17727dfd1b"},
    {file = "numpy-2.4.4-cp314-cp314-manylinux_2_27_aarch64.manylinux_2_28_aarch64.whl", hash = "sha256:989824e9faf85f96ec9c7761cd8d29c531ad857bfa1daa930cba85baaecf1a9a"},
    {file = "numpy-2.4.4-cp314-cp314-manylinux_2_27_x86_64.manylinux_2_28_x86_64.whl", hash = "sha256:27a8d92cd10f1382a67d7cf4db7ce18341b66438bdd9f691d7b0e48d104c2a9d"},
    {file = "numpy-2.4.4-cp314-cp314-musllinux_1_2_aarch64.whl", hash = "sha256:e44319a2953c738205bf3354537979eaa3998ed673395b964c1176083dd46252"},
    {file = "numpy-2.4.4-cp314-cp314-musllinux_1_2_x86_64.whl", hash = "sha256:e892aff75639bbef0d2a2cfd55535510df26ff92f63c92cd84ef8d4ba5a5557f"},
    {file = "numpy-2.4.4-cp314-cp314-win32.whl", hash = "sha256:1378871da56ca8943c2ba674530924bb8ca40cd228358a3b5f302ad60cf875fc"},
    {file = "numpy-2.4.4-cp314-cp314-win_amd64.whl", hash = "sha256:715d1c092715954784bc79e1174fc2a90093dc4dc84ea15eb14dad8abdcdeb74"},
    {file = "numpy-2.4.4-cp314-cp314-win_arm64.whl", hash = "sha256:2c194dd721e54ecad9ad387c1d35e63dce5c4450c6dc7dd5611283dda239aabb"},
    {file = "numpy-2.4.4-cp314-cp314t-macosx_11_0_arm64.whl", hash = "sha256:2aa0613a5177c264ff5921051a5719d20095ea586ca88cc802c5c218d1c67d3e"},
    {file = "numpy-2.4.4-cp314-cp314t-macosx_14_0_arm64.whl", hash = "sha256:42c16925aa5a02362f986765f9ebabf20de75cdefdca827d14315c568dcab113"},
    {file = "numpy-2.4.4-cp314-cp314t-macosx_14_0_x86_64.whl", hash = "sha256:874f200b2a981c647340f841730fc3a2b54c9d940566a3c4149099591e2c4c3d"},
    {file = "numpy-2.4.4-cp314-cp314t-manylinux_2_27_aarch64.manylinux_2_28_aarch64.whl", hash = "sha256:c9b39d38a9bd2ae1becd7eac1303d031c5c110ad31f2b319c6e7d98b135c934d"},
    {file = "numpy-2.4.4-cp314-cp314t-manylinux_2_27_x86_64.manylinux_2_28_x86_64.whl", hash = "sha256:b268594bccac7d7cf5844c7732e3f20c50921d94e36d7ec9b79e9857694b1b2f"},
    {file = "numpy-2.4.4-cp314-cp314t-musllinux_1_2_aarch64.whl", hash = "sha256:ac6b31e35612a26483e20750126d30d0941f949426974cace8e6b5c58a3657b0"},
    {file = "numpy-2.4.4-cp314-cp314t-musllinux_1_2_x86_64.whl", hash = "sha256:8e3ed142f2728df44263aaf5fb1f5b0b99f4070c553a0d7f033be65338329150"},
    {file = "numpy-2.4.4-cp314-cp314t-win32.whl", hash = "sha256:dddbbd259598d7240b18c9d87c56a9d2fb3b02fe266f49a7c101532e78c1d871"},
    {file = "numpy-2.4.4-cp314-cp314t-win_amd64.whl", hash = "sha256:a7164afb23be6e37ad90b2f10426149fd75aee07ca55653d2aa41e66c4ef697e"},
    {file = "numpy-2.4.4-cp314-cp314t-win_arm64.whl", hash = "sha256:ba203255017337d39f89bdd58417f03c4426f12beed0440cfd933cb15f8669c7"},
    {file = "numpy-2.4.4-pp311-pypy311_pp73-macosx_10_15_x86_64.whl", hash = "sha256:58c8b5929fcb8287cbd6f0a3fae19c6e03a5c48402ae792962ac465224a629a4"},
    {file = "numpy-2.4.4-pp311-pypy311_pp73-macosx_11_0_arm64.whl", hash = "sha256:eea7ac5d2dce4189771cedb559c738a71512768210dc4e4753b107a2048b3d0e"},
    {file = "numpy-2.4.4-pp311-pypy311_pp73-macosx_14_0_arm64.whl", hash = "sha256:51fc224f7ca4d92656d5a5eb315f12eb5fe2c97a66249aa7b5f562528a3be38c"},
    {file = "numpy-2.4.4-pp311-pypy311_pp73-macosx_14_0_x86_64.whl", hash = "sha256:28a650663f7314afc3e6ec620f44f333c386aad9f6fc472030865dc0ebb26ee3"},
    {file = "numpy-2.4.4-pp311-pypy311_pp73-manylinux_2_27_aarch64.manylinux_2_28_aarch64.whl", hash = "sha256:19710a9ca9992d7174e9c52f643d4272dcd1558c5f7af7f6f8190f633bd651a7"},
    {file = "numpy-2.4.4-pp311-pypy311_pp73-manylinux_2_27_x86_64.manylinux_2_28_x86_64.whl", hash = "sha256:9b2aec6af35c113b05695ebb5749a787acd63cafc83086a05771d1e1cd1e555f"},
    {file = "numpy-2.4.4-pp311-pypy311_pp73-win_amd64.whl", hash = "sha256:f2cf083b324a467e1ab358c105f6cad5ea950f50524668a80c486ff1db24e119"},
    {file = "numpy-2.4.4.tar.gz", hash = "sha256:2d390634c5182175533585cc89f3608a4682ccb173cc9bb940b2881c8d6f8fa0"},
]

[[package]]
name = "numpy-stl"
version = "3.2.0"
description = "Library to make reading, writing and modifying both binary and ascii STL files easy."
optional = false
python-versions = ">3.9.0"
groups = ["main"]
files = [
    {file = "numpy_stl-3.2.0-py3-none-any.whl", hash = "sha256:697c81b107231362460aaedf4647e81ba54f54f59c896772fea7904c9c439da5"},
    {file = "numpy_stl-3.2.0.tar.gz", hash = "sha256:5a20c3f79cddaa0abc6a4b99f5486aceed4f88152f29b19a57acc844e183fd4d"},
]

[package.dependencies]
numpy = "*"
python-utils = ">=3.4.5"

[package.extras]
docs = ["mock", "python-utils", "sphinx"]
tests = ["Sphinx", "cov-core", "coverage", "cython", "docutils", "execnet", "flake8", "numpy", "pep8", "py", "pyflakes", "pytest", "pytest-cache", "pytest-cov", "python-utils", "wheel"]

[[package]]
name = "python-utils"
version = "3.9.1"
description = "Python Utils is a module with some convenient utilities not included with the standard Python install"
optional = false
python-versions = ">=3.9.0"
groups = ["main"]
files = [
    {file = "python_utils-3.9.1-py2.py3-none-any.whl", hash = "sha256:0273d7363c7ad4b70999b2791d5ba6b55333d6f7a4e4c8b6b39fb82b5fab4613"},
    {file = "python_utils-3.9.1.tar.gz", hash = "sha256:eb574b4292415eb230f094cbf50ab5ef36e3579b8f09e9f2ba74af70891449a0"},
]

[package.dependencies]
typing_extensions = ">3.10.0.2"

[package.extras]
docs = ["mock", "python-utils", "sphinx"]
loguru = ["loguru"]
tests = ["blessings", "loguru", "loguru-mypy", "mypy-ipython", "pyright", "pytest", "pytest-asyncio", "pytest-cov", "pytest-mypy", "ruff", "sphinx", "types-setuptools"]

[[package]]
name = "typing-extensions"
version = "4.15.0"
description = "Backported and Experimental Type Hints for Python 3.9+"
optional = false
python-versions = ">=3.9"
groups = ["main"]
files = [
    {file = "typing_extensions-4.15.0-py3-none-any.whl", hash = "sha256:f0fa19c6845758ab08074a0cfa8b7aecb71c999ca73d62883bc25cc018c4e548"},
    {file = "typing_extensions-4.15.0.tar.gz", hash = "sha256:0cea48d173cc12fa28ecabc3b837ea3cf6f38c6d1136f85cbaaf598984861466"},
]

[[package]]
name = "xyzcad"
version = "0.7.3"
description = "An implicit surface based functional CAD system"
optional = false
python-versions = "<4.0,>=3.11"
groups = ["main"]
files = [
    {file = "xyzcad-0.7.3-py3-none-any.whl", hash = "sha256:7617095d988761977c66d3a19740a509cb407b74ddd79a1e470d6615a4e703d2"},
    {file = "xyzcad-0.7.3.tar.gz", hash = "sha256:d7311d861171846364bb6b070e8db0e1222bf487620ee5f9c07e3ac9a1a27cd5"},
]

[package.dependencies]
numba = ">0.61.2"
numpy = ">=2.2.0,<3.0.0"
numpy-stl = ">=3.1.1,<4.0.0"

[metadata]
lock-version = "2.1"
python-versions = ">=3.11, <4.0"
content-hash = "f58d8526d6d1293d0d7791f66dc8e7c7e7302fc55211082fb04cbfcfbde47273"
